<?xml version="1.0" encoding="utf-8"?>
<Project ToolsVersion="16.0" xmlns="http://schemas.microsoft.com/developer/msbuild/2003">
  <ItemGroup>
    <CustomBuild Include="C:\Users\USER\OneDrive - ort braude college of engineering\Desktop\MyProject_1\CMakeFiles\8d6e6fbecad7457931e4faa959d547e4\INSTALL_force.rule">
      <Filter>CMake Rules</Filter>
    </CustomBuild>
  </ItemGroup>
  <ItemGroup>
    <Filter Include="CMake Rules">
      <UniqueIdentifier>{A0743CDF-62FC-3AA1-ABBF-3A260CDA943B}</UniqueIdentifier>
    </Filter>
  </ItemGroup>
</Project>
